
Microsoft Visual Studio Solution File, Format Version 12.00
# Visual Studio Version 17
VisualStudioVersion = 17.11.35303.130
MinimumVisualStudioVersion = 10.0.40219.1
Project("{FAE04EC0-301F-11D3-BF4B-00C04F79EFBC}") = "VehicleOOP", "VehicleOOP.csproj", "{7A48CB63-ED9B-471C-9605-0C1A9EAB095B}"
EndProject
Global
	GlobalSection(SolutionConfigurationPlatforms) = preSolution
		Debug|Any CPU = Debug|Any CPU
		Release|Any CPU = Release|Any CPU
	EndGlobalSection
	GlobalSection(ProjectConfigurationPlatforms) = postSolution
		{7A48CB63-ED9B-471C-9605-0C1A9EAB095B}.Debug|Any CPU.ActiveCfg = Debug|Any CPU
		{7A48CB63-ED9B-471C-9605-0C1A9EAB095B}.Debug|Any CPU.Build.0 = Debug|Any CPU
		{7A48CB63-ED9B-471C-9605-0C1A9EAB095B}.Release|Any CPU.ActiveCfg = Release|Any CPU
		{7A48CB63-ED9B-471C-9605-0C1A9EAB095B}.Release|Any CPU.Build.0 = Release|Any CPU
	EndGlobalSection
	GlobalSection(SolutionProperties) = preSolution
		HideSolutionNode = FALSE
	EndGlobalSection
	GlobalSection(ExtensibilityGlobals) = postSolution
		SolutionGuid = {6BCC072C-FA46-4E78-B03A-7E02F53A7882}
	EndGlobalSection
EndGlobal
