
Microsoft Visual Studio Solution File, Format Version 12.00
# Visual Studio Version 17
VisualStudioVersion = 17.11.35222.181
MinimumVisualStudioVersion = 10.0.40219.1
Project("{FAE04EC0-301F-11D3-BF4B-00C04F79EFBC}") = "smthg c#", "smthg c#\smthg c#.csproj", "{6285B356-6C26-4E85-A375-D42F0177CCCE}"
EndProject
Global
	GlobalSection(SolutionConfigurationPlatforms) = preSolution
		Debug|Any CPU = Debug|Any CPU
		Release|Any CPU = Release|Any CPU
	EndGlobalSection
	GlobalSection(ProjectConfigurationPlatforms) = postSolution
		{6285B356-6C26-4E85-A375-D42F0177CCCE}.Debug|Any CPU.ActiveCfg = Debug|Any CPU
		{6285B356-6C26-4E85-A375-D42F0177CCCE}.Debug|Any CPU.Build.0 = Debug|Any CPU
		{6285B356-6C26-4E85-A375-D42F0177CCCE}.Release|Any CPU.ActiveCfg = Release|Any CPU
		{6285B356-6C26-4E85-A375-D42F0177CCCE}.Release|Any CPU.Build.0 = Release|Any CPU
	EndGlobalSection
	GlobalSection(SolutionProperties) = preSolution
		HideSolutionNode = FALSE
	EndGlobalSection
	GlobalSection(ExtensibilityGlobals) = postSolution
		SolutionGuid = {396B7510-B19B-4C1D-A37C-4D08C5B66824}
	EndGlobalSection
EndGlobal
