
Microsoft Visual Studio Solution File, Format Version 12.00
# Visual Studio Version 17
VisualStudioVersion = 17.11.35222.181
MinimumVisualStudioVersion = 10.0.40219.1
Project("{FAE04EC0-301F-11D3-BF4B-00C04F79EFBC}") = "Obj1Task1", "Obj1Task1.csproj", "{53BD1429-A759-488C-A262-CDD7A79773B9}"
EndProject
Global
	GlobalSection(SolutionConfigurationPlatforms) = preSolution
		Debug|Any CPU = Debug|Any CPU
		Release|Any CPU = Release|Any CPU
	EndGlobalSection
	GlobalSection(ProjectConfigurationPlatforms) = postSolution
		{53BD1429-A759-488C-A262-CDD7A79773B9}.Debug|Any CPU.ActiveCfg = Debug|Any CPU
		{53BD1429-A759-488C-A262-CDD7A79773B9}.Debug|Any CPU.Build.0 = Debug|Any CPU
		{53BD1429-A759-488C-A262-CDD7A79773B9}.Release|Any CPU.ActiveCfg = Release|Any CPU
		{53BD1429-A759-488C-A262-CDD7A79773B9}.Release|Any CPU.Build.0 = Release|Any CPU
	EndGlobalSection
	GlobalSection(SolutionProperties) = preSolution
		HideSolutionNode = FALSE
	EndGlobalSection
	GlobalSection(ExtensibilityGlobals) = postSolution
		SolutionGuid = {EAC2869B-4624-45D5-ADBA-640A9308A8FE}
	EndGlobalSection
EndGlobal
