
Microsoft Visual Studio Solution File, Format Version 12.00
# Visual Studio Version 17
VisualStudioVersion = 17.11.35303.130
MinimumVisualStudioVersion = 10.0.40219.1
Project("{FAE04EC0-301F-11D3-BF4B-00C04F79EFBC}") = "HopefullyWebScraper", "HopefullyWebScraper.csproj", "{1A7443D7-5804-4076-B548-78964B5F1EF1}"
EndProject
Global
	GlobalSection(SolutionConfigurationPlatforms) = preSolution
		Debug|Any CPU = Debug|Any CPU
		Release|Any CPU = Release|Any CPU
	EndGlobalSection
	GlobalSection(ProjectConfigurationPlatforms) = postSolution
		{1A7443D7-5804-4076-B548-78964B5F1EF1}.Debug|Any CPU.ActiveCfg = Debug|Any CPU
		{1A7443D7-5804-4076-B548-78964B5F1EF1}.Debug|Any CPU.Build.0 = Debug|Any CPU
		{1A7443D7-5804-4076-B548-78964B5F1EF1}.Release|Any CPU.ActiveCfg = Release|Any CPU
		{1A7443D7-5804-4076-B548-78964B5F1EF1}.Release|Any CPU.Build.0 = Release|Any CPU
	EndGlobalSection
	GlobalSection(SolutionProperties) = preSolution
		HideSolutionNode = FALSE
	EndGlobalSection
	GlobalSection(ExtensibilityGlobals) = postSolution
		SolutionGuid = {1ACA8818-9860-44BA-8FE7-E867E0DE0A85}
	EndGlobalSection
EndGlobal
